
Microsoft Visual Studio Solution File, Format Version 12.00
# Visual Studio 14
VisualStudioVersion = 14.0.25420.1
MinimumVisualStudioVersion = 10.0.40219.1
Project("{D954291E-2A0B-460D-934E-DC6B0785DB48}") = "TechnobabelXamarin", "InitXamarinPOC\InitXamarinPOC\InitXamarinPOC\TechnobabelXamarin.shproj", "{3CF16AE5-F8A4-4BFC-A1CC-C9C0476956F0}"
EndProject
Project("{FAE04EC0-301F-11D3-BF4B-00C04F79EFBC}") = "TechnobabelXamarin.Android", "InitXamarinPOC\InitXamarinPOC\InitXamarinPOC.Android\TechnobabelXamarin.Android.csproj", "{BC85B5B7-4264-41E0-BBE5-585718583AE7}"
EndProject
Project("{FAE04EC0-301F-11D3-BF4B-00C04F79EFBC}") = "TechnobabelXamarin.iOS", "InitXamarinPOC\InitXamarinPOC\InitXamarinPOC.iOS\TechnobabelXamarin.iOS.csproj", "{194B927E-0E8D-4097-8FF8-0D3A172F1512}"
EndProject
Global
	GlobalSection(SharedMSBuildProjectFiles) = preSolution
		InitXamarinPOC\InitXamarinPOC\InitXamarinPOC\InitXamarinPOC.projitems*{194b927e-0e8d-4097-8ff8-0d3a172f1512}*SharedItemsImports = 4
		InitXamarinPOC\InitXamarinPOC\InitXamarinPOC\InitXamarinPOC.projitems*{3cf16ae5-f8a4-4bfc-a1cc-c9c0476956f0}*SharedItemsImports = 13
		InitXamarinPOC\InitXamarinPOC\InitXamarinPOC\InitXamarinPOC.projitems*{bc85b5b7-4264-41e0-bbe5-585718583ae7}*SharedItemsImports = 4
	EndGlobalSection
	GlobalSection(SolutionConfigurationPlatforms) = preSolution
		Ad-Hoc|Any CPU = Ad-Hoc|Any CPU
		Ad-Hoc|ARM = Ad-Hoc|ARM
		Ad-Hoc|iPhone = Ad-Hoc|iPhone
		Ad-Hoc|iPhoneSimulator = Ad-Hoc|iPhoneSimulator
		Ad-Hoc|x64 = Ad-Hoc|x64
		Ad-Hoc|x86 = Ad-Hoc|x86
		AppStore|Any CPU = AppStore|Any CPU
		AppStore|ARM = AppStore|ARM
		AppStore|iPhone = AppStore|iPhone
		AppStore|iPhoneSimulator = AppStore|iPhoneSimulator
		AppStore|x64 = AppStore|x64
		AppStore|x86 = AppStore|x86
		Debug|Any CPU = Debug|Any CPU
		Debug|ARM = Debug|ARM
		Debug|iPhone = Debug|iPhone
		Debug|iPhoneSimulator = Debug|iPhoneSimulator
		Debug|x64 = Debug|x64
		Debug|x86 = Debug|x86
		Release|Any CPU = Release|Any CPU
		Release|ARM = Release|ARM
		Release|iPhone = Release|iPhone
		Release|iPhoneSimulator = Release|iPhoneSimulator
		Release|x64 = Release|x64
		Release|x86 = Release|x86
	EndGlobalSection
	GlobalSection(ProjectConfigurationPlatforms) = postSolution
		{BC85B5B7-4264-41E0-BBE5-585718583AE7}.Ad-Hoc|Any CPU.ActiveCfg = Release|Any CPU
		{BC85B5B7-4264-41E0-BBE5-585718583AE7}.Ad-Hoc|Any CPU.Build.0 = Release|Any CPU
		{BC85B5B7-4264-41E0-BBE5-585718583AE7}.Ad-Hoc|Any CPU.Deploy.0 = Release|Any CPU
		{BC85B5B7-4264-41E0-BBE5-585718583AE7}.Ad-Hoc|ARM.ActiveCfg = Release|Any CPU
		{BC85B5B7-4264-41E0-BBE5-585718583AE7}.Ad-Hoc|ARM.Build.0 = Release|Any CPU
		{BC85B5B7-4264-41E0-BBE5-585718583AE7}.Ad-Hoc|ARM.Deploy.0 = Release|Any CPU
		{BC85B5B7-4264-41E0-BBE5-585718583AE7}.Ad-Hoc|iPhone.ActiveCfg = Release|Any CPU
		{BC85B5B7-4264-41E0-BBE5-585718583AE7}.Ad-Hoc|iPhone.Build.0 = Release|Any CPU
		{BC85B5B7-4264-41E0-BBE5-585718583AE7}.Ad-Hoc|iPhone.Deploy.0 = Release|Any CPU
		{BC85B5B7-4264-41E0-BBE5-585718583AE7}.Ad-Hoc|iPhoneSimulator.ActiveCfg = Release|Any CPU
		{BC85B5B7-4264-41E0-BBE5-585718583AE7}.Ad-Hoc|iPhoneSimulator.Build.0 = Release|Any CPU
		{BC85B5B7-4264-41E0-BBE5-585718583AE7}.Ad-Hoc|iPhoneSimulator.Deploy.0 = Release|Any CPU
		{BC85B5B7-4264-41E0-BBE5-585718583AE7}.Ad-Hoc|x64.ActiveCfg = Release|Any CPU
		{BC85B5B7-4264-41E0-BBE5-585718583AE7}.Ad-Hoc|x64.Build.0 = Release|Any CPU
		{BC85B5B7-4264-41E0-BBE5-585718583AE7}.Ad-Hoc|x64.Deploy.0 = Release|Any CPU
		{BC85B5B7-4264-41E0-BBE5-585718583AE7}.Ad-Hoc|x86.ActiveCfg = Release|Any CPU
		{BC85B5B7-4264-41E0-BBE5-585718583AE7}.Ad-Hoc|x86.Build.0 = Release|Any CPU
		{BC85B5B7-4264-41E0-BBE5-585718583AE7}.Ad-Hoc|x86.Deploy.0 = Release|Any CPU
		{BC85B5B7-4264-41E0-BBE5-585718583AE7}.AppStore|Any CPU.ActiveCfg = Release|Any CPU
		{BC85B5B7-4264-41E0-BBE5-585718583AE7}.AppStore|Any CPU.Build.0 = Release|Any CPU
		{BC85B5B7-4264-41E0-BBE5-585718583AE7}.AppStore|Any CPU.Deploy.0 = Release|Any CPU
		{BC85B5B7-4264-41E0-BBE5-585718583AE7}.AppStore|ARM.ActiveCfg = Release|Any CPU
		{BC85B5B7-4264-41E0-BBE5-585718583AE7}.AppStore|ARM.Build.0 = Release|Any CPU
		{BC85B5B7-4264-41E0-BBE5-585718583AE7}.AppStore|ARM.Deploy.0 = Release|Any CPU
		{BC85B5B7-4264-41E0-BBE5-585718583AE7}.AppStore|iPhone.ActiveCfg = Release|Any CPU
		{BC85B5B7-4264-41E0-BBE5-585718583AE7}.AppStore|iPhone.Build.0 = Release|Any CPU
		{BC85B5B7-4264-41E0-BBE5-585718583AE7}.AppStore|iPhone.Deploy.0 = Release|Any CPU
		{BC85B5B7-4264-41E0-BBE5-585718583AE7}.AppStore|iPhoneSimulator.ActiveCfg = Release|Any CPU
		{BC85B5B7-4264-41E0-BBE5-585718583AE7}.AppStore|iPhoneSimulator.Build.0 = Release|Any CPU
		{BC85B5B7-4264-41E0-BBE5-585718583AE7}.AppStore|iPhoneSimulator.Deploy.0 = Release|Any CPU
		{BC85B5B7-4264-41E0-BBE5-585718583AE7}.AppStore|x64.ActiveCfg = Release|Any CPU
		{BC85B5B7-4264-41E0-BBE5-585718583AE7}.AppStore|x64.Build.0 = Release|Any CPU
		{BC85B5B7-4264-41E0-BBE5-585718583AE7}.AppStore|x64.Deploy.0 = Release|Any CPU
		{BC85B5B7-4264-41E0-BBE5-585718583AE7}.AppStore|x86.ActiveCfg = Release|Any CPU
		{BC85B5B7-4264-41E0-BBE5-585718583AE7}.AppStore|x86.Build.0 = Release|Any CPU
		{BC85B5B7-4264-41E0-BBE5-585718583AE7}.AppStore|x86.Deploy.0 = Release|Any CPU
		{BC85B5B7-4264-41E0-BBE5-585718583AE7}.Debug|Any CPU.ActiveCfg = Debug|Any CPU
		{BC85B5B7-4264-41E0-BBE5-585718583AE7}.Debug|Any CPU.Build.0 = Debug|Any CPU
		{BC85B5B7-4264-41E0-BBE5-585718583AE7}.Debug|Any CPU.Deploy.0 = Debug|Any CPU
		{BC85B5B7-4264-41E0-BBE5-585718583AE7}.Debug|ARM.ActiveCfg = Debug|Any CPU
		{BC85B5B7-4264-41E0-BBE5-585718583AE7}.Debug|ARM.Build.0 = Debug|Any CPU
		{BC85B5B7-4264-41E0-BBE5-585718583AE7}.Debug|ARM.Deploy.0 = Debug|Any CPU
		{BC85B5B7-4264-41E0-BBE5-585718583AE7}.Debug|iPhone.ActiveCfg = Debug|Any CPU
		{BC85B5B7-4264-41E0-BBE5-585718583AE7}.Debug|iPhone.Build.0 = Debug|Any CPU
		{BC85B5B7-4264-41E0-BBE5-585718583AE7}.Debug|iPhone.Deploy.0 = Debug|Any CPU
		{BC85B5B7-4264-41E0-BBE5-585718583AE7}.Debug|iPhoneSimulator.ActiveCfg = Debug|Any CPU
		{BC85B5B7-4264-41E0-BBE5-585718583AE7}.Debug|iPhoneSimulator.Build.0 = Debug|Any CPU
		{BC85B5B7-4264-41E0-BBE5-585718583AE7}.Debug|iPhoneSimulator.Deploy.0 = Debug|Any CPU
		{BC85B5B7-4264-41E0-BBE5-585718583AE7}.Debug|x64.ActiveCfg = Debug|Any CPU
		{BC85B5B7-4264-41E0-BBE5-585718583AE7}.Debug|x64.Build.0 = Debug|Any CPU
		{BC85B5B7-4264-41E0-BBE5-585718583AE7}.Debug|x64.Deploy.0 = Debug|Any CPU
		{BC85B5B7-4264-41E0-BBE5-585718583AE7}.Debug|x86.ActiveCfg = Debug|Any CPU
		{BC85B5B7-4264-41E0-BBE5-585718583AE7}.Debug|x86.Build.0 = Debug|Any CPU
		{BC85B5B7-4264-41E0-BBE5-585718583AE7}.Debug|x86.Deploy.0 = Debug|Any CPU
		{BC85B5B7-4264-41E0-BBE5-585718583AE7}.Release|Any CPU.ActiveCfg = Release|Any CPU
		{BC85B5B7-4264-41E0-BBE5-585718583AE7}.Release|Any CPU.Build.0 = Release|Any CPU
		{BC85B5B7-4264-41E0-BBE5-585718583AE7}.Release|Any CPU.Deploy.0 = Release|Any CPU
		{BC85B5B7-4264-41E0-BBE5-585718583AE7}.Release|ARM.ActiveCfg = Release|Any CPU
		{BC85B5B7-4264-41E0-BBE5-585718583AE7}.Release|ARM.Build.0 = Release|Any CPU
		{BC85B5B7-4264-41E0-BBE5-585718583AE7}.Release|ARM.Deploy.0 = Release|Any CPU
		{BC85B5B7-4264-41E0-BBE5-585718583AE7}.Release|iPhone.ActiveCfg = Release|Any CPU
		{BC85B5B7-4264-41E0-BBE5-585718583AE7}.Release|iPhone.Build.0 = Release|Any CPU
		{BC85B5B7-4264-41E0-BBE5-585718583AE7}.Release|iPhone.Deploy.0 = Release|Any CPU
		{BC85B5B7-4264-41E0-BBE5-585718583AE7}.Release|iPhoneSimulator.ActiveCfg = Release|Any CPU
		{BC85B5B7-4264-41E0-BBE5-585718583AE7}.Release|iPhoneSimulator.Build.0 = Release|Any CPU
		{BC85B5B7-4264-41E0-BBE5-585718583AE7}.Release|iPhoneSimulator.Deploy.0 = Release|Any CPU
		{BC85B5B7-4264-41E0-BBE5-585718583AE7}.Release|x64.ActiveCfg = Release|Any CPU
		{BC85B5B7-4264-41E0-BBE5-585718583AE7}.Release|x64.Build.0 = Release|Any CPU
		{BC85B5B7-4264-41E0-BBE5-585718583AE7}.Release|x64.Deploy.0 = Release|Any CPU
		{BC85B5B7-4264-41E0-BBE5-585718583AE7}.Release|x86.ActiveCfg = Release|Any CPU
		{BC85B5B7-4264-41E0-BBE5-585718583AE7}.Release|x86.Build.0 = Release|Any CPU
		{BC85B5B7-4264-41E0-BBE5-585718583AE7}.Release|x86.Deploy.0 = Release|Any CPU
		{194B927E-0E8D-4097-8FF8-0D3A172F1512}.Ad-Hoc|Any CPU.ActiveCfg = Ad-Hoc|iPhone
		{194B927E-0E8D-4097-8FF8-0D3A172F1512}.Ad-Hoc|ARM.ActiveCfg = Ad-Hoc|iPhone
		{194B927E-0E8D-4097-8FF8-0D3A172F1512}.Ad-Hoc|iPhone.ActiveCfg = Ad-Hoc|iPhone
		{194B927E-0E8D-4097-8FF8-0D3A172F1512}.Ad-Hoc|iPhone.Build.0 = Ad-Hoc|iPhone
		{194B927E-0E8D-4097-8FF8-0D3A172F1512}.Ad-Hoc|iPhoneSimulator.ActiveCfg = Ad-Hoc|iPhoneSimulator
		{194B927E-0E8D-4097-8FF8-0D3A172F1512}.Ad-Hoc|iPhoneSimulator.Build.0 = Ad-Hoc|iPhoneSimulator
		{194B927E-0E8D-4097-8FF8-0D3A172F1512}.Ad-Hoc|x64.ActiveCfg = Ad-Hoc|iPhone
		{194B927E-0E8D-4097-8FF8-0D3A172F1512}.Ad-Hoc|x86.ActiveCfg = Ad-Hoc|iPhone
		{194B927E-0E8D-4097-8FF8-0D3A172F1512}.AppStore|Any CPU.ActiveCfg = AppStore|iPhone
		{194B927E-0E8D-4097-8FF8-0D3A172F1512}.AppStore|ARM.ActiveCfg = AppStore|iPhone
		{194B927E-0E8D-4097-8FF8-0D3A172F1512}.AppStore|iPhone.ActiveCfg = AppStore|iPhone
		{194B927E-0E8D-4097-8FF8-0D3A172F1512}.AppStore|iPhone.Build.0 = AppStore|iPhone
		{194B927E-0E8D-4097-8FF8-0D3A172F1512}.AppStore|iPhoneSimulator.ActiveCfg = AppStore|iPhoneSimulator
		{194B927E-0E8D-4097-8FF8-0D3A172F1512}.AppStore|iPhoneSimulator.Build.0 = AppStore|iPhoneSimulator
		{194B927E-0E8D-4097-8FF8-0D3A172F1512}.AppStore|x64.ActiveCfg = AppStore|iPhone
		{194B927E-0E8D-4097-8FF8-0D3A172F1512}.AppStore|x86.ActiveCfg = AppStore|iPhone
		{194B927E-0E8D-4097-8FF8-0D3A172F1512}.Debug|Any CPU.ActiveCfg = Debug|iPhone
		{194B927E-0E8D-4097-8FF8-0D3A172F1512}.Debug|ARM.ActiveCfg = Debug|iPhone
		{194B927E-0E8D-4097-8FF8-0D3A172F1512}.Debug|iPhone.ActiveCfg = Debug|iPhone
		{194B927E-0E8D-4097-8FF8-0D3A172F1512}.Debug|iPhone.Build.0 = Debug|iPhone
		{194B927E-0E8D-4097-8FF8-0D3A172F1512}.Debug|iPhoneSimulator.ActiveCfg = Debug|iPhoneSimulator
		{194B927E-0E8D-4097-8FF8-0D3A172F1512}.Debug|iPhoneSimulator.Build.0 = Debug|iPhoneSimulator
		{194B927E-0E8D-4097-8FF8-0D3A172F1512}.Debug|x64.ActiveCfg = Debug|iPhone
		{194B927E-0E8D-4097-8FF8-0D3A172F1512}.Debug|x86.ActiveCfg = Debug|iPhone
		{194B927E-0E8D-4097-8FF8-0D3A172F1512}.Release|Any CPU.ActiveCfg = Release|iPhone
		{194B927E-0E8D-4097-8FF8-0D3A172F1512}.Release|ARM.ActiveCfg = Release|iPhone
		{194B927E-0E8D-4097-8FF8-0D3A172F1512}.Release|iPhone.ActiveCfg = Release|iPhone
		{194B927E-0E8D-4097-8FF8-0D3A172F1512}.Release|iPhone.Build.0 = Release|iPhone
		{194B927E-0E8D-4097-8FF8-0D3A172F1512}.Release|iPhoneSimulator.ActiveCfg = Release|iPhoneSimulator
		{194B927E-0E8D-4097-8FF8-0D3A172F1512}.Release|iPhoneSimulator.Build.0 = Release|iPhoneSimulator
		{194B927E-0E8D-4097-8FF8-0D3A172F1512}.Release|x64.ActiveCfg = Release|iPhone
		{194B927E-0E8D-4097-8FF8-0D3A172F1512}.Release|x86.ActiveCfg = Release|iPhone
	EndGlobalSection
	GlobalSection(SolutionProperties) = preSolution
		HideSolutionNode = FALSE
	EndGlobalSection
	GlobalSection(ExtensibilityGlobals) = postSolution
		SolutionGuid = {31EE5AF5-FAE3-4182-BE63-945EE3DB115A}
	EndGlobalSection
EndGlobal
